
Microsoft Visual Studio Solution File, Format Version 12.00
# Visual Studio Version 16
VisualStudioVersion = 16.0.29509.3
MinimumVisualStudioVersion = 10.0.40219.1
Project("{F184B08F-C81C-45F6-A57F-5ABD9991F28F}") = "write-txt-xml-json", "write-txt-xml-json\write-txt-xml-json.vbproj", "{68845AD8-1BBB-4C48-9BCC-00A485D3A288}"
EndProject
Global
	GlobalSection(SolutionConfigurationPlatforms) = preSolution
		Debug|Any CPU = Debug|Any CPU
		Release|Any CPU = Release|Any CPU
	EndGlobalSection
	GlobalSection(ProjectConfigurationPlatforms) = postSolution
		{68845AD8-1BBB-4C48-9BCC-00A485D3A288}.Debug|Any CPU.ActiveCfg = Debug|Any CPU
		{68845AD8-1BBB-4C48-9BCC-00A485D3A288}.Debug|Any CPU.Build.0 = Debug|Any CPU
		{68845AD8-1BBB-4C48-9BCC-00A485D3A288}.Release|Any CPU.ActiveCfg = Release|Any CPU
		{68845AD8-1BBB-4C48-9BCC-00A485D3A288}.Release|Any CPU.Build.0 = Release|Any CPU
	EndGlobalSection
	GlobalSection(SolutionProperties) = preSolution
		HideSolutionNode = FALSE
	EndGlobalSection
	GlobalSection(ExtensibilityGlobals) = postSolution
		SolutionGuid = {ADD58DA5-0999-4CA9-AE30-833BE951F6E4}
	EndGlobalSection
EndGlobal
